PODS:
  - GTMBase64 (1.0.0)
  - LTExtNSString (0.1.0):
    - GTMBase64 (~> 1.0.0)

DEPENDENCIES:
  - LTExtNSString (from `../`)

EXTERNAL SOURCES:
  LTExtNSString:
    :path: "../"

SPEC CHECKSUMS:
  GTMBase64: 0da7372e95f5171f3f652db38cde6716f8eb5e24
  LTExtNSString: 49ffb1f1ed1ed81924b9d396bef8cf948a55c49b

PODFILE CHECKSUM: 22404ebaff289bb0a5a72882854e40bdf38bda6c

COCOAPODS: 1.2.0.beta.1
